
Microsoft Visual Studio Solution File, Format Version 12.00
# Visual Studio Version 16
VisualStudioVersion = 16.0.31129.286
MinimumVisualStudioVersion = 10.0.40219.1
Project("{FAE04EC0-301F-11D3-BF4B-00C04F79EFBC}") = "AssemblyBase", "AssemblyBase\AssemblyBase.csproj", "{D0163457-B472-477D-BEAA-CB6066D9426F}"
EndProject
Project("{2150E333-8FDC-42A3-9474-1A3956D46DE8}") = "Assemblies", "Assemblies", "{CE4EDBD2-BFCC-42FC-98BC-49F9792D3DEF}"
EndProject
Project("{FAE04EC0-301F-11D3-BF4B-00C04F79EFBC}") = "Assembly_0", "Assemblies\Assembly_0\Assembly_0.csproj", "{489EC9D0-6234-43E2-9C2B-000000000000}"
EndProject
Project("{FAE04EC0-301F-11D3-BF4B-00C04F79EFBC}") = "Assembly_1", "Assemblies\Assembly_1\Assembly_1.csproj", "{489EC9D0-6234-43E2-9C2B-000000000001}"
EndProject
Project("{FAE04EC0-301F-11D3-BF4B-00C04F79EFBC}") = "Assembly_2", "Assemblies\Assembly_2\Assembly_2.csproj", "{489EC9D0-6234-43E2-9C2B-000000000002}"
EndProject
Project("{FAE04EC0-301F-11D3-BF4B-00C04F79EFBC}") = "Assembly_3", "Assemblies\Assembly_3\Assembly_3.csproj", "{489EC9D0-6234-43E2-9C2B-000000000003}"
EndProject
Project("{FAE04EC0-301F-11D3-BF4B-00C04F79EFBC}") = "Assembly_4", "Assemblies\Assembly_4\Assembly_4.csproj", "{489EC9D0-6234-43E2-9C2B-000000000004}"
EndProject
Project("{FAE04EC0-301F-11D3-BF4B-00C04F79EFBC}") = "Assembly_5", "Assemblies\Assembly_5\Assembly_5.csproj", "{489EC9D0-6234-43E2-9C2B-000000000005}"
EndProject
Project("{FAE04EC0-301F-11D3-BF4B-00C04F79EFBC}") = "Assembly_6", "Assemblies\Assembly_6\Assembly_6.csproj", "{489EC9D0-6234-43E2-9C2B-000000000006}"
EndProject
Project("{FAE04EC0-301F-11D3-BF4B-00C04F79EFBC}") = "Assembly_7", "Assemblies\Assembly_7\Assembly_7.csproj", "{489EC9D0-6234-43E2-9C2B-000000000007}"
EndProject
Project("{FAE04EC0-301F-11D3-BF4B-00C04F79EFBC}") = "Assembly_8", "Assemblies\Assembly_8\Assembly_8.csproj", "{489EC9D0-6234-43E2-9C2B-000000000008}"
EndProject
Project("{FAE04EC0-301F-11D3-BF4B-00C04F79EFBC}") = "Assembly_9", "Assemblies\Assembly_9\Assembly_9.csproj", "{489EC9D0-6234-43E2-9C2B-000000000009}"
EndProject
Project("{FAE04EC0-301F-11D3-BF4B-00C04F79EFBC}") = "Assembly_10", "Assemblies\Assembly_10\Assembly_10.csproj", "{489EC9D0-6234-43E2-9C2B-00000000000A}"
EndProject
Project("{FAE04EC0-301F-11D3-BF4B-00C04F79EFBC}") = "Assembly_11", "Assemblies\Assembly_11\Assembly_11.csproj", "{489EC9D0-6234-43E2-9C2B-00000000000B}"
EndProject
Project("{FAE04EC0-301F-11D3-BF4B-00C04F79EFBC}") = "Assembly_12", "Assemblies\Assembly_12\Assembly_12.csproj", "{489EC9D0-6234-43E2-9C2B-00000000000C}"
EndProject
Project("{FAE04EC0-301F-11D3-BF4B-00C04F79EFBC}") = "Assembly_13", "Assemblies\Assembly_13\Assembly_13.csproj", "{489EC9D0-6234-43E2-9C2B-00000000000D}"
EndProject
Project("{FAE04EC0-301F-11D3-BF4B-00C04F79EFBC}") = "Assembly_14", "Assemblies\Assembly_14\Assembly_14.csproj", "{489EC9D0-6234-43E2-9C2B-00000000000E}"
EndProject
Project("{FAE04EC0-301F-11D3-BF4B-00C04F79EFBC}") = "Assembly_15", "Assemblies\Assembly_15\Assembly_15.csproj", "{489EC9D0-6234-43E2-9C2B-00000000000F}"
EndProject
Project("{FAE04EC0-301F-11D3-BF4B-00C04F79EFBC}") = "Assembly_16", "Assemblies\Assembly_16\Assembly_16.csproj", "{489EC9D0-6234-43E2-9C2B-000000000010}"
EndProject
Project("{FAE04EC0-301F-11D3-BF4B-00C04F79EFBC}") = "Assembly_17", "Assemblies\Assembly_17\Assembly_17.csproj", "{489EC9D0-6234-43E2-9C2B-000000000011}"
EndProject
Project("{FAE04EC0-301F-11D3-BF4B-00C04F79EFBC}") = "Assembly_18", "Assemblies\Assembly_18\Assembly_18.csproj", "{489EC9D0-6234-43E2-9C2B-000000000012}"
EndProject
Project("{FAE04EC0-301F-11D3-BF4B-00C04F79EFBC}") = "Assembly_19", "Assemblies\Assembly_19\Assembly_19.csproj", "{489EC9D0-6234-43E2-9C2B-000000000013}"
EndProject
Project("{FAE04EC0-301F-11D3-BF4B-00C04F79EFBC}") = "Assembly_20", "Assemblies\Assembly_20\Assembly_20.csproj", "{489EC9D0-6234-43E2-9C2B-000000000014}"
EndProject
Project("{FAE04EC0-301F-11D3-BF4B-00C04F79EFBC}") = "Assembly_21", "Assemblies\Assembly_21\Assembly_21.csproj", "{489EC9D0-6234-43E2-9C2B-000000000015}"
EndProject
Project("{FAE04EC0-301F-11D3-BF4B-00C04F79EFBC}") = "Assembly_22", "Assemblies\Assembly_22\Assembly_22.csproj", "{489EC9D0-6234-43E2-9C2B-000000000016}"
EndProject
Project("{FAE04EC0-301F-11D3-BF4B-00C04F79EFBC}") = "Assembly_23", "Assemblies\Assembly_23\Assembly_23.csproj", "{489EC9D0-6234-43E2-9C2B-000000000017}"
EndProject
Project("{FAE04EC0-301F-11D3-BF4B-00C04F79EFBC}") = "Assembly_24", "Assemblies\Assembly_24\Assembly_24.csproj", "{489EC9D0-6234-43E2-9C2B-000000000018}"
EndProject
Project("{FAE04EC0-301F-11D3-BF4B-00C04F79EFBC}") = "Assembly_25", "Assemblies\Assembly_25\Assembly_25.csproj", "{489EC9D0-6234-43E2-9C2B-000000000019}"
EndProject
Project("{FAE04EC0-301F-11D3-BF4B-00C04F79EFBC}") = "Assembly_26", "Assemblies\Assembly_26\Assembly_26.csproj", "{489EC9D0-6234-43E2-9C2B-00000000001A}"
EndProject
Project("{FAE04EC0-301F-11D3-BF4B-00C04F79EFBC}") = "Assembly_27", "Assemblies\Assembly_27\Assembly_27.csproj", "{489EC9D0-6234-43E2-9C2B-00000000001B}"
EndProject
Project("{FAE04EC0-301F-11D3-BF4B-00C04F79EFBC}") = "Assembly_28", "Assemblies\Assembly_28\Assembly_28.csproj", "{489EC9D0-6234-43E2-9C2B-00000000001C}"
EndProject
Project("{FAE04EC0-301F-11D3-BF4B-00C04F79EFBC}") = "Assembly_29", "Assemblies\Assembly_29\Assembly_29.csproj", "{489EC9D0-6234-43E2-9C2B-00000000001D}"
EndProject
Project("{FAE04EC0-301F-11D3-BF4B-00C04F79EFBC}") = "Assembly_30", "Assemblies\Assembly_30\Assembly_30.csproj", "{489EC9D0-6234-43E2-9C2B-00000000001E}"
EndProject
Project("{FAE04EC0-301F-11D3-BF4B-00C04F79EFBC}") = "Assembly_31", "Assemblies\Assembly_31\Assembly_31.csproj", "{489EC9D0-6234-43E2-9C2B-00000000001F}"
EndProject
Project("{FAE04EC0-301F-11D3-BF4B-00C04F79EFBC}") = "Assembly_32", "Assemblies\Assembly_32\Assembly_32.csproj", "{489EC9D0-6234-43E2-9C2B-000000000020}"
EndProject
Project("{FAE04EC0-301F-11D3-BF4B-00C04F79EFBC}") = "Assembly_33", "Assemblies\Assembly_33\Assembly_33.csproj", "{489EC9D0-6234-43E2-9C2B-000000000021}"
EndProject
Project("{FAE04EC0-301F-11D3-BF4B-00C04F79EFBC}") = "Assembly_34", "Assemblies\Assembly_34\Assembly_34.csproj", "{489EC9D0-6234-43E2-9C2B-000000000022}"
EndProject
Project("{FAE04EC0-301F-11D3-BF4B-00C04F79EFBC}") = "Assembly_35", "Assemblies\Assembly_35\Assembly_35.csproj", "{489EC9D0-6234-43E2-9C2B-000000000023}"
EndProject
Project("{FAE04EC0-301F-11D3-BF4B-00C04F79EFBC}") = "Assembly_36", "Assemblies\Assembly_36\Assembly_36.csproj", "{489EC9D0-6234-43E2-9C2B-000000000024}"
EndProject
Project("{FAE04EC0-301F-11D3-BF4B-00C04F79EFBC}") = "Assembly_37", "Assemblies\Assembly_37\Assembly_37.csproj", "{489EC9D0-6234-43E2-9C2B-000000000025}"
EndProject
Project("{FAE04EC0-301F-11D3-BF4B-00C04F79EFBC}") = "Assembly_38", "Assemblies\Assembly_38\Assembly_38.csproj", "{489EC9D0-6234-43E2-9C2B-000000000026}"
EndProject
Project("{FAE04EC0-301F-11D3-BF4B-00C04F79EFBC}") = "Assembly_39", "Assemblies\Assembly_39\Assembly_39.csproj", "{489EC9D0-6234-43E2-9C2B-000000000027}"
EndProject
Project("{FAE04EC0-301F-11D3-BF4B-00C04F79EFBC}") = "Assembly_40", "Assemblies\Assembly_40\Assembly_40.csproj", "{489EC9D0-6234-43E2-9C2B-000000000028}"
EndProject
Project("{FAE04EC0-301F-11D3-BF4B-00C04F79EFBC}") = "Assembly_42", "Assemblies\Assembly_42\Assembly_42.csproj", "{489EC9D0-6234-43E2-9C2B-00000000002A}"
EndProject
Project("{FAE04EC0-301F-11D3-BF4B-00C04F79EFBC}") = "Assembly_43", "Assemblies\Assembly_43\Assembly_43.csproj", "{489EC9D0-6234-43E2-9C2B-00000000002B}"
EndProject
Project("{FAE04EC0-301F-11D3-BF4B-00C04F79EFBC}") = "Assembly_44", "Assemblies\Assembly_44\Assembly_44.csproj", "{489EC9D0-6234-43E2-9C2B-00000000002C}"
EndProject
Project("{FAE04EC0-301F-11D3-BF4B-00C04F79EFBC}") = "Assembly_45", "Assemblies\Assembly_45\Assembly_45.csproj", "{489EC9D0-6234-43E2-9C2B-00000000002D}"
EndProject
Project("{FAE04EC0-301F-11D3-BF4B-00C04F79EFBC}") = "Assembly_46", "Assemblies\Assembly_46\Assembly_46.csproj", "{489EC9D0-6234-43E2-9C2B-00000000002E}"
EndProject
Project("{FAE04EC0-301F-11D3-BF4B-00C04F79EFBC}") = "Assembly_47", "Assemblies\Assembly_47\Assembly_47.csproj", "{489EC9D0-6234-43E2-9C2B-00000000002F}"
EndProject
Project("{FAE04EC0-301F-11D3-BF4B-00C04F79EFBC}") = "Assembly_48", "Assemblies\Assembly_48\Assembly_48.csproj", "{489EC9D0-6234-43E2-9C2B-000000000030}"
EndProject
Project("{FAE04EC0-301F-11D3-BF4B-00C04F79EFBC}") = "Assembly_49", "Assemblies\Assembly_49\Assembly_49.csproj", "{489EC9D0-6234-43E2-9C2B-000000000031}"
EndProject
Project("{FAE04EC0-301F-11D3-BF4B-00C04F79EFBC}") = "Assembly_50", "Assemblies\Assembly_50\Assembly_50.csproj", "{489EC9D0-6234-43E2-9C2B-000000000032}"
EndProject
Project("{FAE04EC0-301F-11D3-BF4B-00C04F79EFBC}") = "Assembly_51", "Assemblies\Assembly_51\Assembly_51.csproj", "{489EC9D0-6234-43E2-9C2B-000000000033}"
EndProject
Project("{FAE04EC0-301F-11D3-BF4B-00C04F79EFBC}") = "Assembly_52", "Assemblies\Assembly_52\Assembly_52.csproj", "{489EC9D0-6234-43E2-9C2B-000000000034}"
EndProject
Project("{FAE04EC0-301F-11D3-BF4B-00C04F79EFBC}") = "Assembly_53", "Assemblies\Assembly_53\Assembly_53.csproj", "{489EC9D0-6234-43E2-9C2B-000000000035}"
EndProject
Project("{FAE04EC0-301F-11D3-BF4B-00C04F79EFBC}") = "Assembly_54", "Assemblies\Assembly_54\Assembly_54.csproj", "{489EC9D0-6234-43E2-9C2B-000000000036}"
EndProject
Project("{FAE04EC0-301F-11D3-BF4B-00C04F79EFBC}") = "Assembly_55", "Assemblies\Assembly_55\Assembly_55.csproj", "{489EC9D0-6234-43E2-9C2B-000000000037}"
EndProject
Project("{FAE04EC0-301F-11D3-BF4B-00C04F79EFBC}") = "Assembly_56", "Assemblies\Assembly_56\Assembly_56.csproj", "{489EC9D0-6234-43E2-9C2B-000000000038}"
EndProject
Project("{FAE04EC0-301F-11D3-BF4B-00C04F79EFBC}") = "Assembly_57", "Assemblies\Assembly_57\Assembly_57.csproj", "{489EC9D0-6234-43E2-9C2B-000000000039}"
EndProject
Project("{FAE04EC0-301F-11D3-BF4B-00C04F79EFBC}") = "Assembly_58", "Assemblies\Assembly_58\Assembly_58.csproj", "{489EC9D0-6234-43E2-9C2B-00000000003A}"
EndProject
Project("{FAE04EC0-301F-11D3-BF4B-00C04F79EFBC}") = "Assembly_59", "Assemblies\Assembly_59\Assembly_59.csproj", "{489EC9D0-6234-43E2-9C2B-00000000003B}"
EndProject
Project("{FAE04EC0-301F-11D3-BF4B-00C04F79EFBC}") = "Assembly_60", "Assemblies\Assembly_60\Assembly_60.csproj", "{489EC9D0-6234-43E2-9C2B-00000000003C}"
EndProject
Project("{FAE04EC0-301F-11D3-BF4B-00C04F79EFBC}") = "Assembly_61", "Assemblies\Assembly_61\Assembly_61.csproj", "{489EC9D0-6234-43E2-9C2B-00000000003D}"
EndProject
Project("{FAE04EC0-301F-11D3-BF4B-00C04F79EFBC}") = "Assembly_62", "Assemblies\Assembly_62\Assembly_62.csproj", "{489EC9D0-6234-43E2-9C2B-00000000003E}"
EndProject
Project("{FAE04EC0-301F-11D3-BF4B-00C04F79EFBC}") = "Assembly_63", "Assemblies\Assembly_63\Assembly_63.csproj", "{489EC9D0-6234-43E2-9C2B-00000000003F}"
EndProject
Project("{FAE04EC0-301F-11D3-BF4B-00C04F79EFBC}") = "Assembly_64", "Assemblies\Assembly_64\Assembly_64.csproj", "{489EC9D0-6234-43E2-9C2B-000000000040}"
EndProject
Project("{FAE04EC0-301F-11D3-BF4B-00C04F79EFBC}") = "Assembly_65", "Assemblies\Assembly_65\Assembly_65.csproj", "{489EC9D0-6234-43E2-9C2B-000000000041}"
EndProject
Project("{FAE04EC0-301F-11D3-BF4B-00C04F79EFBC}") = "Assembly_66", "Assemblies\Assembly_66\Assembly_66.csproj", "{489EC9D0-6234-43E2-9C2B-000000000042}"
EndProject
Project("{FAE04EC0-301F-11D3-BF4B-00C04F79EFBC}") = "Assembly_67", "Assemblies\Assembly_67\Assembly_67.csproj", "{489EC9D0-6234-43E2-9C2B-000000000043}"
EndProject
Project("{FAE04EC0-301F-11D3-BF4B-00C04F79EFBC}") = "Assembly_68", "Assemblies\Assembly_68\Assembly_68.csproj", "{489EC9D0-6234-43E2-9C2B-000000000044}"
EndProject
Project("{FAE04EC0-301F-11D3-BF4B-00C04F79EFBC}") = "Assembly_69", "Assemblies\Assembly_69\Assembly_69.csproj", "{489EC9D0-6234-43E2-9C2B-000000000045}"
EndProject
Project("{FAE04EC0-301F-11D3-BF4B-00C04F79EFBC}") = "Assembly_41", "Assemblies\Assembly_41\Assembly_41.csproj", "{489EC9D0-6234-43E2-9C2B-000000000029}"
EndProject
Global
	GlobalSection(SolutionConfigurationPlatforms) = preSolution
		Debug|Any CPU = Debug|Any CPU
		Release|Any CPU = Release|Any CPU
	EndGlobalSection
	GlobalSection(ProjectConfigurationPlatforms) = postSolution
		{D0163457-B472-477D-BEAA-CB6066D9426F}.Debug|Any CPU.ActiveCfg = Debug|Any CPU
		{D0163457-B472-477D-BEAA-CB6066D9426F}.Debug|Any CPU.Build.0 = Debug|Any CPU
		{D0163457-B472-477D-BEAA-CB6066D9426F}.Debug|Any CPU.Deploy.0 = Debug|Any CPU
		{D0163457-B472-477D-BEAA-CB6066D9426F}.Release|Any CPU.ActiveCfg = Release|Any CPU
		{D0163457-B472-477D-BEAA-CB6066D9426F}.Release|Any CPU.Build.0 = Release|Any CPU
		{D0163457-B472-477D-BEAA-CB6066D9426F}.Release|Any CPU.Deploy.0 = Release|Any CPU
		{489EC9D0-6234-43E2-9C2B-000000000000}.Debug|Any CPU.ActiveCfg = Debug|Any CPU
		{489EC9D0-6234-43E2-9C2B-000000000000}.Debug|Any CPU.Build.0 = Debug|Any CPU
		{489EC9D0-6234-43E2-9C2B-000000000000}.Release|Any CPU.ActiveCfg = Release|Any CPU
		{489EC9D0-6234-43E2-9C2B-000000000000}.Release|Any CPU.Build.0 = Release|Any CPU
		{489EC9D0-6234-43E2-9C2B-000000000001}.Debug|Any CPU.ActiveCfg = Debug|Any CPU
		{489EC9D0-6234-43E2-9C2B-000000000001}.Debug|Any CPU.Build.0 = Debug|Any CPU
		{489EC9D0-6234-43E2-9C2B-000000000001}.Release|Any CPU.ActiveCfg = Release|Any CPU
		{489EC9D0-6234-43E2-9C2B-000000000001}.Release|Any CPU.Build.0 = Release|Any CPU
		{489EC9D0-6234-43E2-9C2B-000000000002}.Debug|Any CPU.ActiveCfg = Debug|Any CPU
		{489EC9D0-6234-43E2-9C2B-000000000002}.Debug|Any CPU.Build.0 = Debug|Any CPU
		{489EC9D0-6234-43E2-9C2B-000000000002}.Release|Any CPU.ActiveCfg = Release|Any CPU
		{489EC9D0-6234-43E2-9C2B-000000000002}.Release|Any CPU.Build.0 = Release|Any CPU
		{489EC9D0-6234-43E2-9C2B-000000000003}.Debug|Any CPU.ActiveCfg = Debug|Any CPU
		{489EC9D0-6234-43E2-9C2B-000000000003}.Debug|Any CPU.Build.0 = Debug|Any CPU
		{489EC9D0-6234-43E2-9C2B-000000000003}.Release|Any CPU.ActiveCfg = Release|Any CPU
		{489EC9D0-6234-43E2-9C2B-000000000003}.Release|Any CPU.Build.0 = Release|Any CPU
		{489EC9D0-6234-43E2-9C2B-000000000004}.Debug|Any CPU.ActiveCfg = Debug|Any CPU
		{489EC9D0-6234-43E2-9C2B-000000000004}.Debug|Any CPU.Build.0 = Debug|Any CPU
		{489EC9D0-6234-43E2-9C2B-000000000004}.Release|Any CPU.ActiveCfg = Release|Any CPU
		{489EC9D0-6234-43E2-9C2B-000000000004}.Release|Any CPU.Build.0 = Release|Any CPU
		{489EC9D0-6234-43E2-9C2B-000000000005}.Debug|Any CPU.ActiveCfg = Debug|Any CPU
		{489EC9D0-6234-43E2-9C2B-000000000005}.Debug|Any CPU.Build.0 = Debug|Any CPU
		{489EC9D0-6234-43E2-9C2B-000000000005}.Release|Any CPU.ActiveCfg = Release|Any CPU
		{489EC9D0-6234-43E2-9C2B-000000000005}.Release|Any CPU.Build.0 = Release|Any CPU
		{489EC9D0-6234-43E2-9C2B-000000000006}.Debug|Any CPU.ActiveCfg = Debug|Any CPU
		{489EC9D0-6234-43E2-9C2B-000000000006}.Debug|Any CPU.Build.0 = Debug|Any CPU
		{489EC9D0-6234-43E2-9C2B-000000000006}.Release|Any CPU.ActiveCfg = Release|Any CPU
		{489EC9D0-6234-43E2-9C2B-000000000006}.Release|Any CPU.Build.0 = Release|Any CPU
		{489EC9D0-6234-43E2-9C2B-000000000007}.Debug|Any CPU.ActiveCfg = Debug|Any CPU
		{489EC9D0-6234-43E2-9C2B-000000000007}.Debug|Any CPU.Build.0 = Debug|Any CPU
		{489EC9D0-6234-43E2-9C2B-000000000007}.Release|Any CPU.ActiveCfg = Release|Any CPU
		{489EC9D0-6234-43E2-9C2B-000000000007}.Release|Any CPU.Build.0 = Release|Any CPU
		{489EC9D0-6234-43E2-9C2B-000000000008}.Debug|Any CPU.ActiveCfg = Debug|Any CPU
		{489EC9D0-6234-43E2-9C2B-000000000008}.Debug|Any CPU.Build.0 = Debug|Any CPU
		{489EC9D0-6234-43E2-9C2B-000000000008}.Release|Any CPU.ActiveCfg = Release|Any CPU
		{489EC9D0-6234-43E2-9C2B-000000000008}.Release|Any CPU.Build.0 = Release|Any CPU
		{489EC9D0-6234-43E2-9C2B-000000000009}.Debug|Any CPU.ActiveCfg = Debug|Any CPU
		{489EC9D0-6234-43E2-9C2B-000000000009}.Debug|Any CPU.Build.0 = Debug|Any CPU
		{489EC9D0-6234-43E2-9C2B-000000000009}.Release|Any CPU.ActiveCfg = Release|Any CPU
		{489EC9D0-6234-43E2-9C2B-000000000009}.Release|Any CPU.Build.0 = Release|Any CPU
		{489EC9D0-6234-43E2-9C2B-00000000000A}.Debug|Any CPU.ActiveCfg = Debug|Any CPU
		{489EC9D0-6234-43E2-9C2B-00000000000A}.Debug|Any CPU.Build.0 = Debug|Any CPU
		{489EC9D0-6234-43E2-9C2B-00000000000A}.Release|Any CPU.ActiveCfg = Release|Any CPU
		{489EC9D0-6234-43E2-9C2B-00000000000A}.Release|Any CPU.Build.0 = Release|Any CPU
		{489EC9D0-6234-43E2-9C2B-00000000000B}.Debug|Any CPU.ActiveCfg = Debug|Any CPU
		{489EC9D0-6234-43E2-9C2B-00000000000B}.Debug|Any CPU.Build.0 = Debug|Any CPU
		{489EC9D0-6234-43E2-9C2B-00000000000B}.Release|Any CPU.ActiveCfg = Release|Any CPU
		{489EC9D0-6234-43E2-9C2B-00000000000B}.Release|Any CPU.Build.0 = Release|Any CPU
		{489EC9D0-6234-43E2-9C2B-00000000000C}.Debug|Any CPU.ActiveCfg = Debug|Any CPU
		{489EC9D0-6234-43E2-9C2B-00000000000C}.Debug|Any CPU.Build.0 = Debug|Any CPU
		{489EC9D0-6234-43E2-9C2B-00000000000C}.Release|Any CPU.ActiveCfg = Release|Any CPU
		{489EC9D0-6234-43E2-9C2B-00000000000C}.Release|Any CPU.Build.0 = Release|Any CPU
		{489EC9D0-6234-43E2-9C2B-00000000000D}.Debug|Any CPU.ActiveCfg = Debug|Any CPU
		{489EC9D0-6234-43E2-9C2B-00000000000D}.Debug|Any CPU.Build.0 = Debug|Any CPU
		{489EC9D0-6234-43E2-9C2B-00000000000D}.Release|Any CPU.ActiveCfg = Release|Any CPU
		{489EC9D0-6234-43E2-9C2B-00000000000D}.Release|Any CPU.Build.0 = Release|Any CPU
		{489EC9D0-6234-43E2-9C2B-00000000000E}.Debug|Any CPU.ActiveCfg = Debug|Any CPU
		{489EC9D0-6234-43E2-9C2B-00000000000E}.Debug|Any CPU.Build.0 = Debug|Any CPU
		{489EC9D0-6234-43E2-9C2B-00000000000E}.Release|Any CPU.ActiveCfg = Release|Any CPU
		{489EC9D0-6234-43E2-9C2B-00000000000E}.Release|Any CPU.Build.0 = Release|Any CPU
		{489EC9D0-6234-43E2-9C2B-00000000000F}.Debug|Any CPU.ActiveCfg = Debug|Any CPU
		{489EC9D0-6234-43E2-9C2B-00000000000F}.Debug|Any CPU.Build.0 = Debug|Any CPU
		{489EC9D0-6234-43E2-9C2B-00000000000F}.Release|Any CPU.ActiveCfg = Release|Any CPU
		{489EC9D0-6234-43E2-9C2B-00000000000F}.Release|Any CPU.Build.0 = Release|Any CPU
		{489EC9D0-6234-43E2-9C2B-000000000010}.Debug|Any CPU.ActiveCfg = Debug|Any CPU
		{489EC9D0-6234-43E2-9C2B-000000000010}.Debug|Any CPU.Build.0 = Debug|Any CPU
		{489EC9D0-6234-43E2-9C2B-000000000010}.Release|Any CPU.ActiveCfg = Release|Any CPU
		{489EC9D0-6234-43E2-9C2B-000000000010}.Release|Any CPU.Build.0 = Release|Any CPU
		{489EC9D0-6234-43E2-9C2B-000000000011}.Debug|Any CPU.ActiveCfg = Debug|Any CPU
		{489EC9D0-6234-43E2-9C2B-000000000011}.Debug|Any CPU.Build.0 = Debug|Any CPU
		{489EC9D0-6234-43E2-9C2B-000000000011}.Release|Any CPU.ActiveCfg = Release|Any CPU
		{489EC9D0-6234-43E2-9C2B-000000000011}.Release|Any CPU.Build.0 = Release|Any CPU
		{489EC9D0-6234-43E2-9C2B-000000000012}.Debug|Any CPU.ActiveCfg = Debug|Any CPU
		{489EC9D0-6234-43E2-9C2B-000000000012}.Debug|Any CPU.Build.0 = Debug|Any CPU
		{489EC9D0-6234-43E2-9C2B-000000000012}.Release|Any CPU.ActiveCfg = Release|Any CPU
		{489EC9D0-6234-43E2-9C2B-000000000012}.Release|Any CPU.Build.0 = Release|Any CPU
		{489EC9D0-6234-43E2-9C2B-000000000013}.Debug|Any CPU.ActiveCfg = Debug|Any CPU
		{489EC9D0-6234-43E2-9C2B-000000000013}.Debug|Any CPU.Build.0 = Debug|Any CPU
		{489EC9D0-6234-43E2-9C2B-000000000013}.Release|Any CPU.ActiveCfg = Release|Any CPU
		{489EC9D0-6234-43E2-9C2B-000000000013}.Release|Any CPU.Build.0 = Release|Any CPU
		{489EC9D0-6234-43E2-9C2B-000000000014}.Debug|Any CPU.ActiveCfg = Debug|Any CPU
		{489EC9D0-6234-43E2-9C2B-000000000014}.Debug|Any CPU.Build.0 = Debug|Any CPU
		{489EC9D0-6234-43E2-9C2B-000000000014}.Release|Any CPU.ActiveCfg = Release|Any CPU
		{489EC9D0-6234-43E2-9C2B-000000000014}.Release|Any CPU.Build.0 = Release|Any CPU
		{489EC9D0-6234-43E2-9C2B-000000000015}.Debug|Any CPU.ActiveCfg = Debug|Any CPU
		{489EC9D0-6234-43E2-9C2B-000000000015}.Debug|Any CPU.Build.0 = Debug|Any CPU
		{489EC9D0-6234-43E2-9C2B-000000000015}.Release|Any CPU.ActiveCfg = Release|Any CPU
		{489EC9D0-6234-43E2-9C2B-000000000015}.Release|Any CPU.Build.0 = Release|Any CPU
		{489EC9D0-6234-43E2-9C2B-000000000016}.Debug|Any CPU.ActiveCfg = Debug|Any CPU
		{489EC9D0-6234-43E2-9C2B-000000000016}.Debug|Any CPU.Build.0 = Debug|Any CPU
		{489EC9D0-6234-43E2-9C2B-000000000016}.Release|Any CPU.ActiveCfg = Release|Any CPU
		{489EC9D0-6234-43E2-9C2B-000000000016}.Release|Any CPU.Build.0 = Release|Any CPU
		{489EC9D0-6234-43E2-9C2B-000000000017}.Debug|Any CPU.ActiveCfg = Debug|Any CPU
		{489EC9D0-6234-43E2-9C2B-000000000017}.Debug|Any CPU.Build.0 = Debug|Any CPU
		{489EC9D0-6234-43E2-9C2B-000000000017}.Release|Any CPU.ActiveCfg = Release|Any CPU
		{489EC9D0-6234-43E2-9C2B-000000000017}.Release|Any CPU.Build.0 = Release|Any CPU
		{489EC9D0-6234-43E2-9C2B-000000000018}.Debug|Any CPU.ActiveCfg = Debug|Any CPU
		{489EC9D0-6234-43E2-9C2B-000000000018}.Debug|Any CPU.Build.0 = Debug|Any CPU
		{489EC9D0-6234-43E2-9C2B-000000000018}.Release|Any CPU.ActiveCfg = Release|Any CPU
		{489EC9D0-6234-43E2-9C2B-000000000018}.Release|Any CPU.Build.0 = Release|Any CPU
		{489EC9D0-6234-43E2-9C2B-000000000019}.Debug|Any CPU.ActiveCfg = Debug|Any CPU
		{489EC9D0-6234-43E2-9C2B-000000000019}.Debug|Any CPU.Build.0 = Debug|Any CPU
		{489EC9D0-6234-43E2-9C2B-000000000019}.Release|Any CPU.ActiveCfg = Release|Any CPU
		{489EC9D0-6234-43E2-9C2B-000000000019}.Release|Any CPU.Build.0 = Release|Any CPU
		{489EC9D0-6234-43E2-9C2B-00000000001A}.Debug|Any CPU.ActiveCfg = Debug|Any CPU
		{489EC9D0-6234-43E2-9C2B-00000000001A}.Debug|Any CPU.Build.0 = Debug|Any CPU
		{489EC9D0-6234-43E2-9C2B-00000000001A}.Release|Any CPU.ActiveCfg = Release|Any CPU
		{489EC9D0-6234-43E2-9C2B-00000000001A}.Release|Any CPU.Build.0 = Release|Any CPU
		{489EC9D0-6234-43E2-9C2B-00000000001B}.Debug|Any CPU.ActiveCfg = Debug|Any CPU
		{489EC9D0-6234-43E2-9C2B-00000000001B}.Debug|Any CPU.Build.0 = Debug|Any CPU
		{489EC9D0-6234-43E2-9C2B-00000000001B}.Release|Any CPU.ActiveCfg = Release|Any CPU
		{489EC9D0-6234-43E2-9C2B-00000000001B}.Release|Any CPU.Build.0 = Release|Any CPU
		{489EC9D0-6234-43E2-9C2B-00000000001C}.Debug|Any CPU.ActiveCfg = Debug|Any CPU
		{489EC9D0-6234-43E2-9C2B-00000000001C}.Debug|Any CPU.Build.0 = Debug|Any CPU
		{489EC9D0-6234-43E2-9C2B-00000000001C}.Release|Any CPU.ActiveCfg = Release|Any CPU
		{489EC9D0-6234-43E2-9C2B-00000000001C}.Release|Any CPU.Build.0 = Release|Any CPU
		{489EC9D0-6234-43E2-9C2B-00000000001D}.Debug|Any CPU.ActiveCfg = Debug|Any CPU
		{489EC9D0-6234-43E2-9C2B-00000000001D}.Debug|Any CPU.Build.0 = Debug|Any CPU
		{489EC9D0-6234-43E2-9C2B-00000000001D}.Release|Any CPU.ActiveCfg = Release|Any CPU
		{489EC9D0-6234-43E2-9C2B-00000000001D}.Release|Any CPU.Build.0 = Release|Any CPU
		{489EC9D0-6234-43E2-9C2B-00000000001E}.Debug|Any CPU.ActiveCfg = Debug|Any CPU
		{489EC9D0-6234-43E2-9C2B-00000000001E}.Debug|Any CPU.Build.0 = Debug|Any CPU
		{489EC9D0-6234-43E2-9C2B-00000000001E}.Release|Any CPU.ActiveCfg = Release|Any CPU
		{489EC9D0-6234-43E2-9C2B-00000000001E}.Release|Any CPU.Build.0 = Release|Any CPU
		{489EC9D0-6234-43E2-9C2B-00000000001F}.Debug|Any CPU.ActiveCfg = Debug|Any CPU
		{489EC9D0-6234-43E2-9C2B-00000000001F}.Debug|Any CPU.Build.0 = Debug|Any CPU
		{489EC9D0-6234-43E2-9C2B-00000000001F}.Release|Any CPU.ActiveCfg = Release|Any CPU
		{489EC9D0-6234-43E2-9C2B-00000000001F}.Release|Any CPU.Build.0 = Release|Any CPU
		{489EC9D0-6234-43E2-9C2B-000000000020}.Debug|Any CPU.ActiveCfg = Debug|Any CPU
		{489EC9D0-6234-43E2-9C2B-000000000020}.Debug|Any CPU.Build.0 = Debug|Any CPU
		{489EC9D0-6234-43E2-9C2B-000000000020}.Release|Any CPU.ActiveCfg = Release|Any CPU
		{489EC9D0-6234-43E2-9C2B-000000000020}.Release|Any CPU.Build.0 = Release|Any CPU
		{489EC9D0-6234-43E2-9C2B-000000000021}.Debug|Any CPU.ActiveCfg = Debug|Any CPU
		{489EC9D0-6234-43E2-9C2B-000000000021}.Debug|Any CPU.Build.0 = Debug|Any CPU
		{489EC9D0-6234-43E2-9C2B-000000000021}.Release|Any CPU.ActiveCfg = Release|Any CPU
		{489EC9D0-6234-43E2-9C2B-000000000021}.Release|Any CPU.Build.0 = Release|Any CPU
		{489EC9D0-6234-43E2-9C2B-000000000022}.Debug|Any CPU.ActiveCfg = Debug|Any CPU
		{489EC9D0-6234-43E2-9C2B-000000000022}.Debug|Any CPU.Build.0 = Debug|Any CPU
		{489EC9D0-6234-43E2-9C2B-000000000022}.Release|Any CPU.ActiveCfg = Release|Any CPU
		{489EC9D0-6234-43E2-9C2B-000000000022}.Release|Any CPU.Build.0 = Release|Any CPU
		{489EC9D0-6234-43E2-9C2B-000000000023}.Debug|Any CPU.ActiveCfg = Debug|Any CPU
		{489EC9D0-6234-43E2-9C2B-000000000023}.Debug|Any CPU.Build.0 = Debug|Any CPU
		{489EC9D0-6234-43E2-9C2B-000000000023}.Release|Any CPU.ActiveCfg = Release|Any CPU
		{489EC9D0-6234-43E2-9C2B-000000000023}.Release|Any CPU.Build.0 = Release|Any CPU
		{489EC9D0-6234-43E2-9C2B-000000000024}.Debug|Any CPU.ActiveCfg = Debug|Any CPU
		{489EC9D0-6234-43E2-9C2B-000000000024}.Debug|Any CPU.Build.0 = Debug|Any CPU
		{489EC9D0-6234-43E2-9C2B-000000000024}.Release|Any CPU.ActiveCfg = Release|Any CPU
		{489EC9D0-6234-43E2-9C2B-000000000024}.Release|Any CPU.Build.0 = Release|Any CPU
		{489EC9D0-6234-43E2-9C2B-000000000025}.Debug|Any CPU.ActiveCfg = Debug|Any CPU
		{489EC9D0-6234-43E2-9C2B-000000000025}.Debug|Any CPU.Build.0 = Debug|Any CPU
		{489EC9D0-6234-43E2-9C2B-000000000025}.Release|Any CPU.ActiveCfg = Release|Any CPU
		{489EC9D0-6234-43E2-9C2B-000000000025}.Release|Any CPU.Build.0 = Release|Any CPU
		{489EC9D0-6234-43E2-9C2B-000000000026}.Debug|Any CPU.ActiveCfg = Debug|Any CPU
		{489EC9D0-6234-43E2-9C2B-000000000026}.Debug|Any CPU.Build.0 = Debug|Any CPU
		{489EC9D0-6234-43E2-9C2B-000000000026}.Release|Any CPU.ActiveCfg = Release|Any CPU
		{489EC9D0-6234-43E2-9C2B-000000000026}.Release|Any CPU.Build.0 = Release|Any CPU
		{489EC9D0-6234-43E2-9C2B-000000000027}.Debug|Any CPU.ActiveCfg = Debug|Any CPU
		{489EC9D0-6234-43E2-9C2B-000000000027}.Debug|Any CPU.Build.0 = Debug|Any CPU
		{489EC9D0-6234-43E2-9C2B-000000000027}.Release|Any CPU.ActiveCfg = Release|Any CPU
		{489EC9D0-6234-43E2-9C2B-000000000027}.Release|Any CPU.Build.0 = Release|Any CPU
		{489EC9D0-6234-43E2-9C2B-000000000028}.Debug|Any CPU.ActiveCfg = Debug|Any CPU
		{489EC9D0-6234-43E2-9C2B-000000000028}.Debug|Any CPU.Build.0 = Debug|Any CPU
		{489EC9D0-6234-43E2-9C2B-000000000028}.Release|Any CPU.ActiveCfg = Release|Any CPU
		{489EC9D0-6234-43E2-9C2B-000000000028}.Release|Any CPU.Build.0 = Release|Any CPU
		{489EC9D0-6234-43E2-9C2B-00000000002A}.Debug|Any CPU.ActiveCfg = Debug|Any CPU
		{489EC9D0-6234-43E2-9C2B-00000000002A}.Debug|Any CPU.Build.0 = Debug|Any CPU
		{489EC9D0-6234-43E2-9C2B-00000000002A}.Release|Any CPU.ActiveCfg = Release|Any CPU
		{489EC9D0-6234-43E2-9C2B-00000000002A}.Release|Any CPU.Build.0 = Release|Any CPU
		{489EC9D0-6234-43E2-9C2B-00000000002B}.Debug|Any CPU.ActiveCfg = Debug|Any CPU
		{489EC9D0-6234-43E2-9C2B-00000000002B}.Debug|Any CPU.Build.0 = Debug|Any CPU
		{489EC9D0-6234-43E2-9C2B-00000000002B}.Release|Any CPU.ActiveCfg = Release|Any CPU
		{489EC9D0-6234-43E2-9C2B-00000000002B}.Release|Any CPU.Build.0 = Release|Any CPU
		{489EC9D0-6234-43E2-9C2B-00000000002C}.Debug|Any CPU.ActiveCfg = Debug|Any CPU
		{489EC9D0-6234-43E2-9C2B-00000000002C}.Debug|Any CPU.Build.0 = Debug|Any CPU
		{489EC9D0-6234-43E2-9C2B-00000000002C}.Release|Any CPU.ActiveCfg = Release|Any CPU
		{489EC9D0-6234-43E2-9C2B-00000000002C}.Release|Any CPU.Build.0 = Release|Any CPU
		{489EC9D0-6234-43E2-9C2B-00000000002D}.Debug|Any CPU.ActiveCfg = Debug|Any CPU
		{489EC9D0-6234-43E2-9C2B-00000000002D}.Debug|Any CPU.Build.0 = Debug|Any CPU
		{489EC9D0-6234-43E2-9C2B-00000000002D}.Release|Any CPU.ActiveCfg = Release|Any CPU
		{489EC9D0-6234-43E2-9C2B-00000000002D}.Release|Any CPU.Build.0 = Release|Any CPU
		{489EC9D0-6234-43E2-9C2B-00000000002E}.Debug|Any CPU.ActiveCfg = Debug|Any CPU
		{489EC9D0-6234-43E2-9C2B-00000000002E}.Debug|Any CPU.Build.0 = Debug|Any CPU
		{489EC9D0-6234-43E2-9C2B-00000000002E}.Release|Any CPU.ActiveCfg = Release|Any CPU
		{489EC9D0-6234-43E2-9C2B-00000000002E}.Release|Any CPU.Build.0 = Release|Any CPU
		{489EC9D0-6234-43E2-9C2B-00000000002F}.Debug|Any CPU.ActiveCfg = Debug|Any CPU
		{489EC9D0-6234-43E2-9C2B-00000000002F}.Debug|Any CPU.Build.0 = Debug|Any CPU
		{489EC9D0-6234-43E2-9C2B-00000000002F}.Release|Any CPU.ActiveCfg = Release|Any CPU
		{489EC9D0-6234-43E2-9C2B-00000000002F}.Release|Any CPU.Build.0 = Release|Any CPU
		{489EC9D0-6234-43E2-9C2B-000000000030}.Debug|Any CPU.ActiveCfg = Debug|Any CPU
		{489EC9D0-6234-43E2-9C2B-000000000030}.Debug|Any CPU.Build.0 = Debug|Any CPU
		{489EC9D0-6234-43E2-9C2B-000000000030}.Release|Any CPU.ActiveCfg = Release|Any CPU
		{489EC9D0-6234-43E2-9C2B-000000000030}.Release|Any CPU.Build.0 = Release|Any CPU
		{489EC9D0-6234-43E2-9C2B-000000000031}.Debug|Any CPU.ActiveCfg = Debug|Any CPU
		{489EC9D0-6234-43E2-9C2B-000000000031}.Debug|Any CPU.Build.0 = Debug|Any CPU
		{489EC9D0-6234-43E2-9C2B-000000000031}.Release|Any CPU.ActiveCfg = Release|Any CPU
		{489EC9D0-6234-43E2-9C2B-000000000031}.Release|Any CPU.Build.0 = Release|Any CPU
		{489EC9D0-6234-43E2-9C2B-000000000032}.Debug|Any CPU.ActiveCfg = Debug|Any CPU
		{489EC9D0-6234-43E2-9C2B-000000000032}.Debug|Any CPU.Build.0 = Debug|Any CPU
		{489EC9D0-6234-43E2-9C2B-000000000032}.Release|Any CPU.ActiveCfg = Release|Any CPU
		{489EC9D0-6234-43E2-9C2B-000000000032}.Release|Any CPU.Build.0 = Release|Any CPU
		{489EC9D0-6234-43E2-9C2B-000000000033}.Debug|Any CPU.ActiveCfg = Debug|Any CPU
		{489EC9D0-6234-43E2-9C2B-000000000033}.Debug|Any CPU.Build.0 = Debug|Any CPU
		{489EC9D0-6234-43E2-9C2B-000000000033}.Release|Any CPU.ActiveCfg = Release|Any CPU
		{489EC9D0-6234-43E2-9C2B-000000000033}.Release|Any CPU.Build.0 = Release|Any CPU
		{489EC9D0-6234-43E2-9C2B-000000000034}.Debug|Any CPU.ActiveCfg = Debug|Any CPU
		{489EC9D0-6234-43E2-9C2B-000000000034}.Debug|Any CPU.Build.0 = Debug|Any CPU
		{489EC9D0-6234-43E2-9C2B-000000000034}.Release|Any CPU.ActiveCfg = Release|Any CPU
		{489EC9D0-6234-43E2-9C2B-000000000034}.Release|Any CPU.Build.0 = Release|Any CPU
		{489EC9D0-6234-43E2-9C2B-000000000035}.Debug|Any CPU.ActiveCfg = Debug|Any CPU
		{489EC9D0-6234-43E2-9C2B-000000000035}.Debug|Any CPU.Build.0 = Debug|Any CPU
		{489EC9D0-6234-43E2-9C2B-000000000035}.Release|Any CPU.ActiveCfg = Release|Any CPU
		{489EC9D0-6234-43E2-9C2B-000000000035}.Release|Any CPU.Build.0 = Release|Any CPU
		{489EC9D0-6234-43E2-9C2B-000000000036}.Debug|Any CPU.ActiveCfg = Debug|Any CPU
		{489EC9D0-6234-43E2-9C2B-000000000036}.Debug|Any CPU.Build.0 = Debug|Any CPU
		{489EC9D0-6234-43E2-9C2B-000000000036}.Release|Any CPU.ActiveCfg = Release|Any CPU
		{489EC9D0-6234-43E2-9C2B-000000000036}.Release|Any CPU.Build.0 = Release|Any CPU
		{489EC9D0-6234-43E2-9C2B-000000000037}.Debug|Any CPU.ActiveCfg = Debug|Any CPU
		{489EC9D0-6234-43E2-9C2B-000000000037}.Debug|Any CPU.Build.0 = Debug|Any CPU
		{489EC9D0-6234-43E2-9C2B-000000000037}.Release|Any CPU.ActiveCfg = Release|Any CPU
		{489EC9D0-6234-43E2-9C2B-000000000037}.Release|Any CPU.Build.0 = Release|Any CPU
		{489EC9D0-6234-43E2-9C2B-000000000038}.Debug|Any CPU.ActiveCfg = Debug|Any CPU
		{489EC9D0-6234-43E2-9C2B-000000000038}.Debug|Any CPU.Build.0 = Debug|Any CPU
		{489EC9D0-6234-43E2-9C2B-000000000038}.Release|Any CPU.ActiveCfg = Release|Any CPU
		{489EC9D0-6234-43E2-9C2B-000000000038}.Release|Any CPU.Build.0 = Release|Any CPU
		{489EC9D0-6234-43E2-9C2B-000000000039}.Debug|Any CPU.ActiveCfg = Debug|Any CPU
		{489EC9D0-6234-43E2-9C2B-000000000039}.Debug|Any CPU.Build.0 = Debug|Any CPU
		{489EC9D0-6234-43E2-9C2B-000000000039}.Release|Any CPU.ActiveCfg = Release|Any CPU
		{489EC9D0-6234-43E2-9C2B-000000000039}.Release|Any CPU.Build.0 = Release|Any CPU
		{489EC9D0-6234-43E2-9C2B-00000000003A}.Debug|Any CPU.ActiveCfg = Debug|Any CPU
		{489EC9D0-6234-43E2-9C2B-00000000003A}.Debug|Any CPU.Build.0 = Debug|Any CPU
		{489EC9D0-6234-43E2-9C2B-00000000003A}.Release|Any CPU.ActiveCfg = Release|Any CPU
		{489EC9D0-6234-43E2-9C2B-00000000003A}.Release|Any CPU.Build.0 = Release|Any CPU
		{489EC9D0-6234-43E2-9C2B-00000000003B}.Debug|Any CPU.ActiveCfg = Debug|Any CPU
		{489EC9D0-6234-43E2-9C2B-00000000003B}.Debug|Any CPU.Build.0 = Debug|Any CPU
		{489EC9D0-6234-43E2-9C2B-00000000003B}.Release|Any CPU.ActiveCfg = Release|Any CPU
		{489EC9D0-6234-43E2-9C2B-00000000003B}.Release|Any CPU.Build.0 = Release|Any CPU
		{489EC9D0-6234-43E2-9C2B-00000000003C}.Debug|Any CPU.ActiveCfg = Debug|Any CPU
		{489EC9D0-6234-43E2-9C2B-00000000003C}.Debug|Any CPU.Build.0 = Debug|Any CPU
		{489EC9D0-6234-43E2-9C2B-00000000003C}.Release|Any CPU.ActiveCfg = Release|Any CPU
		{489EC9D0-6234-43E2-9C2B-00000000003C}.Release|Any CPU.Build.0 = Release|Any CPU
		{489EC9D0-6234-43E2-9C2B-00000000003D}.Debug|Any CPU.ActiveCfg = Debug|Any CPU
		{489EC9D0-6234-43E2-9C2B-00000000003D}.Debug|Any CPU.Build.0 = Debug|Any CPU
		{489EC9D0-6234-43E2-9C2B-00000000003D}.Release|Any CPU.ActiveCfg = Release|Any CPU
		{489EC9D0-6234-43E2-9C2B-00000000003D}.Release|Any CPU.Build.0 = Release|Any CPU
		{489EC9D0-6234-43E2-9C2B-00000000003E}.Debug|Any CPU.ActiveCfg = Debug|Any CPU
		{489EC9D0-6234-43E2-9C2B-00000000003E}.Debug|Any CPU.Build.0 = Debug|Any CPU
		{489EC9D0-6234-43E2-9C2B-00000000003E}.Release|Any CPU.ActiveCfg = Release|Any CPU
		{489EC9D0-6234-43E2-9C2B-00000000003E}.Release|Any CPU.Build.0 = Release|Any CPU
		{489EC9D0-6234-43E2-9C2B-00000000003F}.Debug|Any CPU.ActiveCfg = Debug|Any CPU
		{489EC9D0-6234-43E2-9C2B-00000000003F}.Debug|Any CPU.Build.0 = Debug|Any CPU
		{489EC9D0-6234-43E2-9C2B-00000000003F}.Release|Any CPU.ActiveCfg = Release|Any CPU
		{489EC9D0-6234-43E2-9C2B-00000000003F}.Release|Any CPU.Build.0 = Release|Any CPU
		{489EC9D0-6234-43E2-9C2B-000000000040}.Debug|Any CPU.ActiveCfg = Debug|Any CPU
		{489EC9D0-6234-43E2-9C2B-000000000040}.Debug|Any CPU.Build.0 = Debug|Any CPU
		{489EC9D0-6234-43E2-9C2B-000000000040}.Release|Any CPU.ActiveCfg = Release|Any CPU
		{489EC9D0-6234-43E2-9C2B-000000000040}.Release|Any CPU.Build.0 = Release|Any CPU
		{489EC9D0-6234-43E2-9C2B-000000000041}.Debug|Any CPU.ActiveCfg = Debug|Any CPU
		{489EC9D0-6234-43E2-9C2B-000000000041}.Debug|Any CPU.Build.0 = Debug|Any CPU
		{489EC9D0-6234-43E2-9C2B-000000000041}.Release|Any CPU.ActiveCfg = Release|Any CPU
		{489EC9D0-6234-43E2-9C2B-000000000041}.Release|Any CPU.Build.0 = Release|Any CPU
		{489EC9D0-6234-43E2-9C2B-000000000042}.Debug|Any CPU.ActiveCfg = Debug|Any CPU
		{489EC9D0-6234-43E2-9C2B-000000000042}.Debug|Any CPU.Build.0 = Debug|Any CPU
		{489EC9D0-6234-43E2-9C2B-000000000042}.Release|Any CPU.ActiveCfg = Release|Any CPU
		{489EC9D0-6234-43E2-9C2B-000000000042}.Release|Any CPU.Build.0 = Release|Any CPU
		{489EC9D0-6234-43E2-9C2B-000000000043}.Debug|Any CPU.ActiveCfg = Debug|Any CPU
		{489EC9D0-6234-43E2-9C2B-000000000043}.Debug|Any CPU.Build.0 = Debug|Any CPU
		{489EC9D0-6234-43E2-9C2B-000000000043}.Release|Any CPU.ActiveCfg = Release|Any CPU
		{489EC9D0-6234-43E2-9C2B-000000000043}.Release|Any CPU.Build.0 = Release|Any CPU
		{489EC9D0-6234-43E2-9C2B-000000000044}.Debug|Any CPU.ActiveCfg = Debug|Any CPU
		{489EC9D0-6234-43E2-9C2B-000000000044}.Debug|Any CPU.Build.0 = Debug|Any CPU
		{489EC9D0-6234-43E2-9C2B-000000000044}.Release|Any CPU.ActiveCfg = Release|Any CPU
		{489EC9D0-6234-43E2-9C2B-000000000044}.Release|Any CPU.Build.0 = Release|Any CPU
		{489EC9D0-6234-43E2-9C2B-000000000045}.Debug|Any CPU.ActiveCfg = Debug|Any CPU
		{489EC9D0-6234-43E2-9C2B-000000000045}.Debug|Any CPU.Build.0 = Debug|Any CPU
		{489EC9D0-6234-43E2-9C2B-000000000045}.Release|Any CPU.ActiveCfg = Release|Any CPU
		{489EC9D0-6234-43E2-9C2B-000000000045}.Release|Any CPU.Build.0 = Release|Any CPU
		{489EC9D0-6234-43E2-9C2B-000000000029}.Debug|Any CPU.ActiveCfg = Debug|Any CPU
		{489EC9D0-6234-43E2-9C2B-000000000029}.Debug|Any CPU.Build.0 = Debug|Any CPU
		{489EC9D0-6234-43E2-9C2B-000000000029}.Release|Any CPU.ActiveCfg = Release|Any CPU
		{489EC9D0-6234-43E2-9C2B-000000000029}.Release|Any CPU.Build.0 = Release|Any CPU
	EndGlobalSection
	GlobalSection(SolutionProperties) = preSolution
		HideSolutionNode = FALSE
	EndGlobalSection
	GlobalSection(NestedProjects) = preSolution
		{489EC9D0-6234-43E2-9C2B-000000000000} = {CE4EDBD2-BFCC-42FC-98BC-49F9792D3DEF}
		{489EC9D0-6234-43E2-9C2B-000000000001} = {CE4EDBD2-BFCC-42FC-98BC-49F9792D3DEF}
		{489EC9D0-6234-43E2-9C2B-000000000002} = {CE4EDBD2-BFCC-42FC-98BC-49F9792D3DEF}
		{489EC9D0-6234-43E2-9C2B-000000000003} = {CE4EDBD2-BFCC-42FC-98BC-49F9792D3DEF}
		{489EC9D0-6234-43E2-9C2B-000000000004} = {CE4EDBD2-BFCC-42FC-98BC-49F9792D3DEF}
		{489EC9D0-6234-43E2-9C2B-000000000005} = {CE4EDBD2-BFCC-42FC-98BC-49F9792D3DEF}
		{489EC9D0-6234-43E2-9C2B-000000000006} = {CE4EDBD2-BFCC-42FC-98BC-49F9792D3DEF}
		{489EC9D0-6234-43E2-9C2B-000000000007} = {CE4EDBD2-BFCC-42FC-98BC-49F9792D3DEF}
		{489EC9D0-6234-43E2-9C2B-000000000008} = {CE4EDBD2-BFCC-42FC-98BC-49F9792D3DEF}
		{489EC9D0-6234-43E2-9C2B-000000000009} = {CE4EDBD2-BFCC-42FC-98BC-49F9792D3DEF}
		{489EC9D0-6234-43E2-9C2B-00000000000A} = {CE4EDBD2-BFCC-42FC-98BC-49F9792D3DEF}
		{489EC9D0-6234-43E2-9C2B-00000000000B} = {CE4EDBD2-BFCC-42FC-98BC-49F9792D3DEF}
		{489EC9D0-6234-43E2-9C2B-00000000000C} = {CE4EDBD2-BFCC-42FC-98BC-49F9792D3DEF}
		{489EC9D0-6234-43E2-9C2B-00000000000D} = {CE4EDBD2-BFCC-42FC-98BC-49F9792D3DEF}
		{489EC9D0-6234-43E2-9C2B-00000000000E} = {CE4EDBD2-BFCC-42FC-98BC-49F9792D3DEF}
		{489EC9D0-6234-43E2-9C2B-00000000000F} = {CE4EDBD2-BFCC-42FC-98BC-49F9792D3DEF}
		{489EC9D0-6234-43E2-9C2B-000000000010} = {CE4EDBD2-BFCC-42FC-98BC-49F9792D3DEF}
		{489EC9D0-6234-43E2-9C2B-000000000011} = {CE4EDBD2-BFCC-42FC-98BC-49F9792D3DEF}
		{489EC9D0-6234-43E2-9C2B-000000000012} = {CE4EDBD2-BFCC-42FC-98BC-49F9792D3DEF}
		{489EC9D0-6234-43E2-9C2B-000000000013} = {CE4EDBD2-BFCC-42FC-98BC-49F9792D3DEF}
		{489EC9D0-6234-43E2-9C2B-000000000014} = {CE4EDBD2-BFCC-42FC-98BC-49F9792D3DEF}
		{489EC9D0-6234-43E2-9C2B-000000000015} = {CE4EDBD2-BFCC-42FC-98BC-49F9792D3DEF}
		{489EC9D0-6234-43E2-9C2B-000000000016} = {CE4EDBD2-BFCC-42FC-98BC-49F9792D3DEF}
		{489EC9D0-6234-43E2-9C2B-000000000017} = {CE4EDBD2-BFCC-42FC-98BC-49F9792D3DEF}
		{489EC9D0-6234-43E2-9C2B-000000000018} = {CE4EDBD2-BFCC-42FC-98BC-49F9792D3DEF}
		{489EC9D0-6234-43E2-9C2B-000000000019} = {CE4EDBD2-BFCC-42FC-98BC-49F9792D3DEF}
		{489EC9D0-6234-43E2-9C2B-00000000001A} = {CE4EDBD2-BFCC-42FC-98BC-49F9792D3DEF}
		{489EC9D0-6234-43E2-9C2B-00000000001B} = {CE4EDBD2-BFCC-42FC-98BC-49F9792D3DEF}
		{489EC9D0-6234-43E2-9C2B-00000000001C} = {CE4EDBD2-BFCC-42FC-98BC-49F9792D3DEF}
		{489EC9D0-6234-43E2-9C2B-00000000001D} = {CE4EDBD2-BFCC-42FC-98BC-49F9792D3DEF}
		{489EC9D0-6234-43E2-9C2B-00000000001E} = {CE4EDBD2-BFCC-42FC-98BC-49F9792D3DEF}
		{489EC9D0-6234-43E2-9C2B-00000000001F} = {CE4EDBD2-BFCC-42FC-98BC-49F9792D3DEF}
		{489EC9D0-6234-43E2-9C2B-000000000020} = {CE4EDBD2-BFCC-42FC-98BC-49F9792D3DEF}
		{489EC9D0-6234-43E2-9C2B-000000000021} = {CE4EDBD2-BFCC-42FC-98BC-49F9792D3DEF}
		{489EC9D0-6234-43E2-9C2B-000000000022} = {CE4EDBD2-BFCC-42FC-98BC-49F9792D3DEF}
		{489EC9D0-6234-43E2-9C2B-000000000023} = {CE4EDBD2-BFCC-42FC-98BC-49F9792D3DEF}
		{489EC9D0-6234-43E2-9C2B-000000000024} = {CE4EDBD2-BFCC-42FC-98BC-49F9792D3DEF}
		{489EC9D0-6234-43E2-9C2B-000000000025} = {CE4EDBD2-BFCC-42FC-98BC-49F9792D3DEF}
		{489EC9D0-6234-43E2-9C2B-000000000026} = {CE4EDBD2-BFCC-42FC-98BC-49F9792D3DEF}
		{489EC9D0-6234-43E2-9C2B-000000000027} = {CE4EDBD2-BFCC-42FC-98BC-49F9792D3DEF}
		{489EC9D0-6234-43E2-9C2B-000000000028} = {CE4EDBD2-BFCC-42FC-98BC-49F9792D3DEF}
		{489EC9D0-6234-43E2-9C2B-00000000002A} = {CE4EDBD2-BFCC-42FC-98BC-49F9792D3DEF}
		{489EC9D0-6234-43E2-9C2B-00000000002B} = {CE4EDBD2-BFCC-42FC-98BC-49F9792D3DEF}
		{489EC9D0-6234-43E2-9C2B-00000000002C} = {CE4EDBD2-BFCC-42FC-98BC-49F9792D3DEF}
		{489EC9D0-6234-43E2-9C2B-00000000002D} = {CE4EDBD2-BFCC-42FC-98BC-49F9792D3DEF}
		{489EC9D0-6234-43E2-9C2B-00000000002E} = {CE4EDBD2-BFCC-42FC-98BC-49F9792D3DEF}
		{489EC9D0-6234-43E2-9C2B-00000000002F} = {CE4EDBD2-BFCC-42FC-98BC-49F9792D3DEF}
		{489EC9D0-6234-43E2-9C2B-000000000030} = {CE4EDBD2-BFCC-42FC-98BC-49F9792D3DEF}
		{489EC9D0-6234-43E2-9C2B-000000000031} = {CE4EDBD2-BFCC-42FC-98BC-49F9792D3DEF}
		{489EC9D0-6234-43E2-9C2B-000000000032} = {CE4EDBD2-BFCC-42FC-98BC-49F9792D3DEF}
		{489EC9D0-6234-43E2-9C2B-000000000033} = {CE4EDBD2-BFCC-42FC-98BC-49F9792D3DEF}
		{489EC9D0-6234-43E2-9C2B-000000000034} = {CE4EDBD2-BFCC-42FC-98BC-49F9792D3DEF}
		{489EC9D0-6234-43E2-9C2B-000000000035} = {CE4EDBD2-BFCC-42FC-98BC-49F9792D3DEF}
		{489EC9D0-6234-43E2-9C2B-000000000036} = {CE4EDBD2-BFCC-42FC-98BC-49F9792D3DEF}
		{489EC9D0-6234-43E2-9C2B-000000000037} = {CE4EDBD2-BFCC-42FC-98BC-49F9792D3DEF}
		{489EC9D0-6234-43E2-9C2B-000000000038} = {CE4EDBD2-BFCC-42FC-98BC-49F9792D3DEF}
		{489EC9D0-6234-43E2-9C2B-000000000039} = {CE4EDBD2-BFCC-42FC-98BC-49F9792D3DEF}
		{489EC9D0-6234-43E2-9C2B-00000000003A} = {CE4EDBD2-BFCC-42FC-98BC-49F9792D3DEF}
		{489EC9D0-6234-43E2-9C2B-00000000003B} = {CE4EDBD2-BFCC-42FC-98BC-49F9792D3DEF}
		{489EC9D0-6234-43E2-9C2B-00000000003C} = {CE4EDBD2-BFCC-42FC-98BC-49F9792D3DEF}
		{489EC9D0-6234-43E2-9C2B-00000000003D} = {CE4EDBD2-BFCC-42FC-98BC-49F9792D3DEF}
		{489EC9D0-6234-43E2-9C2B-00000000003E} = {CE4EDBD2-BFCC-42FC-98BC-49F9792D3DEF}
		{489EC9D0-6234-43E2-9C2B-00000000003F} = {CE4EDBD2-BFCC-42FC-98BC-49F9792D3DEF}
		{489EC9D0-6234-43E2-9C2B-000000000040} = {CE4EDBD2-BFCC-42FC-98BC-49F9792D3DEF}
		{489EC9D0-6234-43E2-9C2B-000000000041} = {CE4EDBD2-BFCC-42FC-98BC-49F9792D3DEF}
		{489EC9D0-6234-43E2-9C2B-000000000042} = {CE4EDBD2-BFCC-42FC-98BC-49F9792D3DEF}
		{489EC9D0-6234-43E2-9C2B-000000000043} = {CE4EDBD2-BFCC-42FC-98BC-49F9792D3DEF}
		{489EC9D0-6234-43E2-9C2B-000000000044} = {CE4EDBD2-BFCC-42FC-98BC-49F9792D3DEF}
		{489EC9D0-6234-43E2-9C2B-000000000045} = {CE4EDBD2-BFCC-42FC-98BC-49F9792D3DEF}
		{489EC9D0-6234-43E2-9C2B-000000000029} = {CE4EDBD2-BFCC-42FC-98BC-49F9792D3DEF}
	EndGlobalSection
	GlobalSection(ExtensibilityGlobals) = postSolution
		SolutionGuid = {4C5E596D-5D48-4475-8CC4-1A021353FAF8}
	EndGlobalSection
EndGlobal
